{
  "name": "first",
  "lockfileVersion": 2,
  "requires": true,
  "packages": {
    "": {
      "dependencies": {
        "wsl-open": "^2.1.1"
      }
    },
    "node_modules/wsl-open": {
      "version": "2.1.1",
      "resolved": "https://registry.npmjs.org/wsl-open/-/wsl-open-2.1.1.tgz",
      "integrity": "sha512-VWFnYlsWtPOuGTizGB2LOlX0OUp4RJitmB4Ep+Vs6cjl0m4dM76fWv9zIzL7rdMaeQorzorVFcs1c/4HpkgIow==",
      "bin": {
        "wsl-open": "wsl-open.sh"
      }
    }
  },
  "dependencies": {
    "wsl-open": {
      "version": "2.1.1",
      "resolved": "https://registry.npmjs.org/wsl-open/-/wsl-open-2.1.1.tgz",
      "integrity": "sha512-VWFnYlsWtPOuGTizGB2LOlX0OUp4RJitmB4Ep+Vs6cjl0m4dM76fWv9zIzL7rdMaeQorzorVFcs1c/4HpkgIow=="
    }
  }
}
